
Microsoft Visual Studio Solution File, Format Version 12.00
# Visual Studio Version 17
VisualStudioVersion = 17.1.32319.34
MinimumVisualStudioVersion = 10.0.40219.1
Project("{2150E333-8FDC-42A3-9474-1A3956D46DE8}") = "Problem1", "Problem1", "{918B5271-33AA-4123-904A-2761342876D1}"
EndProject
Project("{2150E333-8FDC-42A3-9474-1A3956D46DE8}") = "Problem2", "Problem2", "{228C4CE1-09E9-4D6F-A9CC-E4D8DCE71FAA}"
EndProject
Project("{2150E333-8FDC-42A3-9474-1A3956D46DE8}") = "Problem3", "Problem3", "{752CB56B-598B-439F-A2BD-A3EF5E6BF5F8}"
EndProject
Project("{2150E333-8FDC-42A3-9474-1A3956D46DE8}") = "Problem4", "Problem4", "{56055EB4-12EA-424D-9371-5DC940266A94}"
EndProject
Project("{9A19103F-16F7-4668-BE54-9A1E7A4F7556}") = "CurrencyConvertion", "CurrencyConvertion\CurrencyConvertion.csproj", "{C34B0FDB-CC79-4170-A3C9-B793DA039634}"
EndProject
Project("{9A19103F-16F7-4668-BE54-9A1E7A4F7556}") = "RobotWalking", "RobotWalking\RobotWalking.csproj", "{37413C8A-E6AA-4FD3-AF17-93269521B4E0}"
EndProject
Project("{9A19103F-16F7-4668-BE54-9A1E7A4F7556}") = "Palindrome", "Palindrome\Palindrome.csproj", "{E1007B86-79C4-4F8F-AE68-87E01C782209}"
EndProject
Project("{8BC9CEB8-8B4A-11D0-8D11-00A0C91BC942}") = "CoinsCombination", "CoinsCombination\CoinsCombination.vcxproj", "{56466D21-0B57-408C-9B0C-9DD06723AF16}"
EndProject
Project("{FAE04EC0-301F-11D3-BF4B-00C04F79EFBC}") = "TestPalindrome", "TestPalindrome\TestPalindrome.csproj", "{4F777B6F-4DC6-4ACC-B3C6-8EA8736F92E3}"
EndProject
Project("{FAE04EC0-301F-11D3-BF4B-00C04F79EFBC}") = "CurrencyConversion.Test", "CurrencyConversion.Test\CurrencyConversion.Test.csproj", "{24183EC6-2FAD-410E-8F08-8DD517F8026A}"
EndProject
Global
	GlobalSection(SolutionConfigurationPlatforms) = preSolution
		Debug|Any CPU = Debug|Any CPU
		Debug|x64 = Debug|x64
		Debug|x86 = Debug|x86
		Release|Any CPU = Release|Any CPU
		Release|x64 = Release|x64
		Release|x86 = Release|x86
	EndGlobalSection
	GlobalSection(ProjectConfigurationPlatforms) = postSolution
		{C34B0FDB-CC79-4170-A3C9-B793DA039634}.Debug|Any CPU.ActiveCfg = Debug|Any CPU
		{C34B0FDB-CC79-4170-A3C9-B793DA039634}.Debug|Any CPU.Build.0 = Debug|Any CPU
		{C34B0FDB-CC79-4170-A3C9-B793DA039634}.Debug|x64.ActiveCfg = Debug|Any CPU
		{C34B0FDB-CC79-4170-A3C9-B793DA039634}.Debug|x64.Build.0 = Debug|Any CPU
		{C34B0FDB-CC79-4170-A3C9-B793DA039634}.Debug|x86.ActiveCfg = Debug|Any CPU
		{C34B0FDB-CC79-4170-A3C9-B793DA039634}.Debug|x86.Build.0 = Debug|Any CPU
		{C34B0FDB-CC79-4170-A3C9-B793DA039634}.Release|Any CPU.ActiveCfg = Release|Any CPU
		{C34B0FDB-CC79-4170-A3C9-B793DA039634}.Release|Any CPU.Build.0 = Release|Any CPU
		{C34B0FDB-CC79-4170-A3C9-B793DA039634}.Release|x64.ActiveCfg = Release|Any CPU
		{C34B0FDB-CC79-4170-A3C9-B793DA039634}.Release|x64.Build.0 = Release|Any CPU
		{C34B0FDB-CC79-4170-A3C9-B793DA039634}.Release|x86.ActiveCfg = Release|Any CPU
		{C34B0FDB-CC79-4170-A3C9-B793DA039634}.Release|x86.Build.0 = Release|Any CPU
		{37413C8A-E6AA-4FD3-AF17-93269521B4E0}.Debug|Any CPU.ActiveCfg = Debug|Any CPU
		{37413C8A-E6AA-4FD3-AF17-93269521B4E0}.Debug|Any CPU.Build.0 = Debug|Any CPU
		{37413C8A-E6AA-4FD3-AF17-93269521B4E0}.Debug|x64.ActiveCfg = Debug|Any CPU
		{37413C8A-E6AA-4FD3-AF17-93269521B4E0}.Debug|x64.Build.0 = Debug|Any CPU
		{37413C8A-E6AA-4FD3-AF17-93269521B4E0}.Debug|x86.ActiveCfg = Debug|Any CPU
		{37413C8A-E6AA-4FD3-AF17-93269521B4E0}.Debug|x86.Build.0 = Debug|Any CPU
		{37413C8A-E6AA-4FD3-AF17-93269521B4E0}.Release|Any CPU.ActiveCfg = Release|Any CPU
		{37413C8A-E6AA-4FD3-AF17-93269521B4E0}.Release|Any CPU.Build.0 = Release|Any CPU
		{37413C8A-E6AA-4FD3-AF17-93269521B4E0}.Release|x64.ActiveCfg = Release|Any CPU
		{37413C8A-E6AA-4FD3-AF17-93269521B4E0}.Release|x64.Build.0 = Release|Any CPU
		{37413C8A-E6AA-4FD3-AF17-93269521B4E0}.Release|x86.ActiveCfg = Release|Any CPU
		{37413C8A-E6AA-4FD3-AF17-93269521B4E0}.Release|x86.Build.0 = Release|Any CPU
		{E1007B86-79C4-4F8F-AE68-87E01C782209}.Debug|Any CPU.ActiveCfg = Debug|Any CPU
		{E1007B86-79C4-4F8F-AE68-87E01C782209}.Debug|Any CPU.Build.0 = Debug|Any CPU
		{E1007B86-79C4-4F8F-AE68-87E01C782209}.Debug|x64.ActiveCfg = Debug|Any CPU
		{E1007B86-79C4-4F8F-AE68-87E01C782209}.Debug|x64.Build.0 = Debug|Any CPU
		{E1007B86-79C4-4F8F-AE68-87E01C782209}.Debug|x86.ActiveCfg = Debug|Any CPU
		{E1007B86-79C4-4F8F-AE68-87E01C782209}.Debug|x86.Build.0 = Debug|Any CPU
		{E1007B86-79C4-4F8F-AE68-87E01C782209}.Release|Any CPU.ActiveCfg = Release|Any CPU
		{E1007B86-79C4-4F8F-AE68-87E01C782209}.Release|Any CPU.Build.0 = Release|Any CPU
		{E1007B86-79C4-4F8F-AE68-87E01C782209}.Release|x64.ActiveCfg = Release|Any CPU
		{E1007B86-79C4-4F8F-AE68-87E01C782209}.Release|x64.Build.0 = Release|Any CPU
		{E1007B86-79C4-4F8F-AE68-87E01C782209}.Release|x86.ActiveCfg = Release|Any CPU
		{E1007B86-79C4-4F8F-AE68-87E01C782209}.Release|x86.Build.0 = Release|Any CPU
		{56466D21-0B57-408C-9B0C-9DD06723AF16}.Debug|Any CPU.ActiveCfg = Debug|Win32
		{56466D21-0B57-408C-9B0C-9DD06723AF16}.Debug|x64.ActiveCfg = Debug|x64
		{56466D21-0B57-408C-9B0C-9DD06723AF16}.Debug|x64.Build.0 = Debug|x64
		{56466D21-0B57-408C-9B0C-9DD06723AF16}.Debug|x86.ActiveCfg = Debug|Win32
		{56466D21-0B57-408C-9B0C-9DD06723AF16}.Debug|x86.Build.0 = Debug|Win32
		{56466D21-0B57-408C-9B0C-9DD06723AF16}.Release|Any CPU.ActiveCfg = Release|Win32
		{56466D21-0B57-408C-9B0C-9DD06723AF16}.Release|x64.ActiveCfg = Release|x64
		{56466D21-0B57-408C-9B0C-9DD06723AF16}.Release|x64.Build.0 = Release|x64
		{56466D21-0B57-408C-9B0C-9DD06723AF16}.Release|x86.ActiveCfg = Release|Win32
		{56466D21-0B57-408C-9B0C-9DD06723AF16}.Release|x86.Build.0 = Release|Win32
		{4F777B6F-4DC6-4ACC-B3C6-8EA8736F92E3}.Debug|Any CPU.ActiveCfg = Debug|Any CPU
		{4F777B6F-4DC6-4ACC-B3C6-8EA8736F92E3}.Debug|Any CPU.Build.0 = Debug|Any CPU
		{4F777B6F-4DC6-4ACC-B3C6-8EA8736F92E3}.Debug|x64.ActiveCfg = Debug|Any CPU
		{4F777B6F-4DC6-4ACC-B3C6-8EA8736F92E3}.Debug|x64.Build.0 = Debug|Any CPU
		{4F777B6F-4DC6-4ACC-B3C6-8EA8736F92E3}.Debug|x86.ActiveCfg = Debug|Any CPU
		{4F777B6F-4DC6-4ACC-B3C6-8EA8736F92E3}.Debug|x86.Build.0 = Debug|Any CPU
		{4F777B6F-4DC6-4ACC-B3C6-8EA8736F92E3}.Release|Any CPU.ActiveCfg = Release|Any CPU
		{4F777B6F-4DC6-4ACC-B3C6-8EA8736F92E3}.Release|Any CPU.Build.0 = Release|Any CPU
		{4F777B6F-4DC6-4ACC-B3C6-8EA8736F92E3}.Release|x64.ActiveCfg = Release|Any CPU
		{4F777B6F-4DC6-4ACC-B3C6-8EA8736F92E3}.Release|x64.Build.0 = Release|Any CPU
		{4F777B6F-4DC6-4ACC-B3C6-8EA8736F92E3}.Release|x86.ActiveCfg = Release|Any CPU
		{4F777B6F-4DC6-4ACC-B3C6-8EA8736F92E3}.Release|x86.Build.0 = Release|Any CPU
		{24183EC6-2FAD-410E-8F08-8DD517F8026A}.Debug|Any CPU.ActiveCfg = Debug|Any CPU
		{24183EC6-2FAD-410E-8F08-8DD517F8026A}.Debug|Any CPU.Build.0 = Debug|Any CPU
		{24183EC6-2FAD-410E-8F08-8DD517F8026A}.Debug|x64.ActiveCfg = Debug|Any CPU
		{24183EC6-2FAD-410E-8F08-8DD517F8026A}.Debug|x64.Build.0 = Debug|Any CPU
		{24183EC6-2FAD-410E-8F08-8DD517F8026A}.Debug|x86.ActiveCfg = Debug|Any CPU
		{24183EC6-2FAD-410E-8F08-8DD517F8026A}.Debug|x86.Build.0 = Debug|Any CPU
		{24183EC6-2FAD-410E-8F08-8DD517F8026A}.Release|Any CPU.ActiveCfg = Release|Any CPU
		{24183EC6-2FAD-410E-8F08-8DD517F8026A}.Release|Any CPU.Build.0 = Release|Any CPU
		{24183EC6-2FAD-410E-8F08-8DD517F8026A}.Release|x64.ActiveCfg = Release|Any CPU
		{24183EC6-2FAD-410E-8F08-8DD517F8026A}.Release|x64.Build.0 = Release|Any CPU
		{24183EC6-2FAD-410E-8F08-8DD517F8026A}.Release|x86.ActiveCfg = Release|Any CPU
		{24183EC6-2FAD-410E-8F08-8DD517F8026A}.Release|x86.Build.0 = Release|Any CPU
	EndGlobalSection
	GlobalSection(SolutionProperties) = preSolution
		HideSolutionNode = FALSE
	EndGlobalSection
	GlobalSection(NestedProjects) = preSolution
		{C34B0FDB-CC79-4170-A3C9-B793DA039634} = {918B5271-33AA-4123-904A-2761342876D1}
		{37413C8A-E6AA-4FD3-AF17-93269521B4E0} = {228C4CE1-09E9-4D6F-A9CC-E4D8DCE71FAA}
		{E1007B86-79C4-4F8F-AE68-87E01C782209} = {752CB56B-598B-439F-A2BD-A3EF5E6BF5F8}
		{56466D21-0B57-408C-9B0C-9DD06723AF16} = {56055EB4-12EA-424D-9371-5DC940266A94}
		{4F777B6F-4DC6-4ACC-B3C6-8EA8736F92E3} = {752CB56B-598B-439F-A2BD-A3EF5E6BF5F8}
		{24183EC6-2FAD-410E-8F08-8DD517F8026A} = {918B5271-33AA-4123-904A-2761342876D1}
	EndGlobalSection
	GlobalSection(ExtensibilityGlobals) = postSolution
		SolutionGuid = {0E4FCCE7-A7A0-4DB6-B9AE-1536B6F536CE}
	EndGlobalSection
EndGlobal
